{
  "lockfileVersion": 1,
  "configVersion": 1,
  "workspaces": {
    "": {
      "name": "pocket-llm",
      "dependencies": {
        "@mlc-ai/web-llm": "^0.2.84",
        "@wllama/wllama": "^3.5.1",
      },
      "devDependencies": {
        "@types/bun": "^1.3.14",
        "typescript": "^6.0.3",
      },
    },
  },
  "packages": {
    "@mlc-ai/web-llm": ["@mlc-ai/web-llm@0.2.84", "", { "dependencies": { "loglevel": "^1.9.1" } }, "sha512-hrOWzK4/nGNmgoRKT8pgVmZZ2oEPpbblIWQOwpqNyvK2dysHw3KVB1gNJOuRcQfKOPhucEhX1NJzXzgMDnwSCQ=="],

    "@types/bun": ["@types/bun@1.3.14", "", { "dependencies": { "bun-types": "1.3.14" } }, "sha512-h1hFqFVcvAvD9j9K7ZW7vd82aSA+rTdznZa+5bwvCwqSB1jmmfLcbIWhOLx1/+boy/xmjgCs/OMUL8hRJSmnPw=="],

    "@types/node": ["@types/node@26.1.1", "", { "dependencies": { "undici-types": "~8.3.0" } }, "sha512-nxAkRSVkN1Y0JC1W8ky/fTfkGsMmcrRsbx+3XoZE+rMOX71kLYTV7fLXpqud1GpbpP5TuffXFqfX7fH2GgZREw=="],

    "@wllama/wllama": ["@wllama/wllama@3.5.1", "", {}, "sha512-m5L0KKtmUTKz5lGvVVa/Y3qRtoobu80Jne51U0CSR6O930aOUURzhMEAolNsN4v0kfQ9u58wi2IdpUicLfaXUw=="],

    "bun-types": ["bun-types@1.3.14", "", { "dependencies": { "@types/node": "*" } }, "sha512-4N0ig0fEomHt5R0KCFWjovxow98rIoRwKolrYdCcknNwMekCXRnWEUvgu5soYV8QXtVsrUD8B95MBOZGPvr6KQ=="],

    "loglevel": ["loglevel@1.9.2", "", {}, "sha512-HgMmCqIJSAKqo68l0rS2AanEWfkxaZ5wNiEFb5ggm08lDs9Xl2KxBlX3PTcaD2chBM1gXAYf491/M2Rv8Jwayg=="],

    "typescript": ["typescript@6.0.3", "", { "bin": { "tsc": "bin/tsc", "tsserver": "bin/tsserver" } }, "sha512-y2TvuxSZPDyQakkFRPZHKFm+KKVqIisdg9/CZwm9ftvKXLP8NRWj38/ODjNbr43SsoXqNuAisEf1GdCxqWcdBw=="],

    "undici-types": ["undici-types@8.3.0", "", {}, "sha512-j375ScV60dom+YkPFIfTLcOiPxkN/buHz5GobjLhixFuANaNs3C9l4GmrWqejgXWJ7BbJcFYpTEUkS1Ge8bpZQ=="],
  }
}
